// !$*UTF8*$!
{
	archiveVersion = 1;
	classes = {
	};
	objectVersion = 56;
	objects = {

/* Begin PBXBuildFile section */
		C54095B129394C9E00D36F76 /* AppDelegate.swift in Sources */ = {isa = PBXBuildFile; fileRef = C54095B029394C9E00D36F76 /* AppDelegate.swift */; };
		C54095B329394C9E00D36F76 /* SceneDelegate.swift in Sources */ = {isa = PBXBuildFile; fileRef = C54095B229394C9E00D36F76 /* SceneDelegate.swift */; };
		C54095B529394C9E00D36F76 /* ViewController.swift in Sources */ = {isa = PBXBuildFile; fileRef = C54095B429394C9E00D36F76 /* ViewController.swift */; };
		C54095BB29394C9E00D36F76 /* Users_CoreData.xcdatamodeld in Sources */ = {isa = PBXBuildFile; fileRef = C54095B929394C9E00D36F76 /* Users_CoreData.xcdatamodeld */; };
		C54095BD29394CA000D36F76 /* Assets.xcassets in Resources */ = {isa = PBXBuildFile; fileRef = C54095BC29394CA000D36F76 /* Assets.xcassets */; };
		C54095CC2939517900D36F76 /* SnapKit in Frameworks */ = {isa = PBXBuildFile; productRef = C54095CB2939517900D36F76 /* SnapKit */; };
/* End PBXBuildFile section */

/* Begin PBXFileReference section */
		C54095AD29394C9E00D36F76 /* Users CoreData.app */ = {isa = PBXFileReference; explicitFileType = wrapper.application; includeInIndex = 0; path = "Users CoreData.app"; sourceTree = BUILT_PRODUCTS_DIR; };
		C54095B029394C9E00D36F76 /* AppDelegate.swift */ = {isa = PBXFileReference; lastKnownFileType = sourcecode.swift; path = AppDelegate.swift; sourceTree = "<group>"; };
		C54095B229394C9E00D36F76 /* SceneDelegate.swift */ = {isa = PBXFileReference; lastKnownFileType = sourcecode.swift; path = SceneDelegate.swift; sourceTree = "<group>"; };
		C54095B429394C9E00D36F76 /* ViewController.swift */ = {isa = PBXFileReference; lastKnownFileType = sourcecode.swift; path = ViewController.swift; sourceTree = "<group>"; };
		C54095BA29394C9E00D36F76 /* Users_CoreData.xcdatamodel */ = {isa = PBXFileReference; lastKnownFileType = wrapper.xcdatamodel; path = Users_CoreData.xcdatamodel; sourceTree = "<group>"; };
		C54095BC29394CA000D36F76 /* Assets.xcassets */ = {isa = PBXFileReference; lastKnownFileType = folder.assetcatalog; path = Assets.xcassets; sourceTree = "<group>"; };
		C54095C129394CA000D36F76 /* Info.plist */ = {isa = PBXFileReference; lastKnownFileType = text.plist.xml; path = Info.plist; sourceTree = "<group>"; };
/* End PBXFileReference section */

/* Begin PBXFrameworksBuildPhase section */
		C54095AA29394C9E00D36F76 /* Frameworks */ = {
			isa = PBXFrameworksBuildPhase;
			buildActionMask = 2147483647;
			files = (
				C54095CC2939517900D36F76 /* SnapKit in Frameworks */,
			);
			runOnlyForDeploymentPostprocessing = 0;
		};
/* End PBXFrameworksBuildPhase section */

/* Begin PBXGroup section */
		C54095A429394C9E00D36F76 = {
			isa = PBXGroup;
			children = (
				C54095AF29394C9E00D36F76 /* Users CoreData */,
				C54095AE29394C9E00D36F76 /* Products */,
			);
			sourceTree = "<group>";
		};
		C54095AE29394C9E00D36F76 /* Products */ = {
			isa = PBXGroup;
			children = (
				C54095AD29394C9E00D36F76 /* Users CoreData.app */,
			);
			name = Products;
			sourceTree = "<group>";
		};
		C54095AF29394C9E00D36F76 /* Users CoreData */ = {
			isa = PBXGroup;
			children = (
				C54095C729394E7100D36F76 /* Sources */,
				C54095C829394E8D00D36F76 /* Resources */,
			);
			path = "Users CoreData";
			sourceTree = "<group>";
		};
		C54095C729394E7100D36F76 /* Sources */ = {
			isa = PBXGroup;
			children = (
				C54095C929394EF100D36F76 /* App */,
				C54095B429394C9E00D36F76 /* ViewController.swift */,
			);
			path = Sources;
			sourceTree = "<group>";
		};
		C54095C829394E8D00D36F76 /* Resources */ = {
			isa = PBXGroup;
			children = (
				C54095B929394C9E00D36F76 /* Users_CoreData.xcdatamodeld */,
				C54095BC29394CA000D36F76 /* Assets.xcassets */,
				C54095C129394CA000D36F76 /* Info.plist */,
			);
			path = Resources;
			sourceTree = "<group>";
		};
		C54095C929394EF100D36F76 /* App */ = {
			isa = PBXGroup;
			children = (
				C54095B029394C9E00D36F76 /* AppDelegate.swift */,
				C54095B229394C9E00D36F76 /* SceneDelegate.swift */,
			);
			path = App;
			sourceTree = "<group>";
		};
/* End PBXGroup section */

/* Begin PBXNativeTarget section */
		C54095AC29394C9E00D36F76 /* Users CoreData */ = {
			isa = PBXNativeTarget;
			buildConfigurationList = C54095C429394CA000D36F76 /* Build configuration list for PBXNativeTarget "Users CoreData" */;
			buildPhases = (
				C54095A929394C9E00D36F76 /* Sources */,
				C54095AA29394C9E00D36F76 /* Frameworks */,
				C54095AB29394C9E00D36F76 /* Resources */,
			);
			buildRules = (
			);
			dependencies = (
			);
			name = "Users CoreData";
			packageProductDependencies = (
				C54095CB2939517900D36F76 /* SnapKit */,
			);
			productName = "Users CoreData";
			productReference = C54095AD29394C9E00D36F76 /* Users CoreData.app */;
			productType = "com.apple.product-type.application";
		};
/* End PBXNativeTarget section */

/* Begin PBXProject section */
		C54095A529394C9E00D36F76 /* Project object */ = {
			isa = PBXProject;
			attributes = {
				BuildIndependentTargetsInParallel = 1;
				LastSwiftUpdateCheck = 1410;
				LastUpgradeCheck = 1410;
				TargetAttributes = {
					C54095AC29394C9E00D36F76 = {
						CreatedOnToolsVersion = 14.1;
					};
				};
			};
			buildConfigurationList = C54095A829394C9E00D36F76 /* Build configuration list for PBXProject "Users CoreData" */;
			compatibilityVersion = "Xcode 14.0";
			developmentRegion = en;
			hasScannedForEncodings = 0;
			knownRegions = (
				en,
				Base,
			);
			mainGroup = C54095A429394C9E00D36F76;
			packageReferences = (
				C54095CA2939517900D36F76 /* XCRemoteSwiftPackageReference "SnapKit" */,
			);
			productRefGroup = C54095AE29394C9E00D36F76 /* Products */;
			projectDirPath = "";
			projectRoot = "";
			targets = (
				C54095AC29394C9E00D36F76 /* Users CoreData */,
			);
		};
/* End PBXProject section */

/* Begin PBXResourcesBuildPhase section */
		C54095AB29394C9E00D36F76 /* Resources */ = {
			isa = PBXResourcesBuildPhase;
			buildActionMask = 2147483647;
			files = (
				C54095BD29394CA000D36F76 /* Assets.xcassets in Resources */,
			);
			runOnlyForDeploymentPostprocessing = 0;
		};
/* End PBXResourcesBuildPhase section */

/* Begin PBXSourcesBuildPhase section */
		C54095A929394C9E00D36F76 /* Sources */ = {
			isa = PBXSourcesBuildPhase;
			buildActionMask = 2147483647;
			files = (
				C54095B529394C9E00D36F76 /* ViewController.swift in Sources */,
				C54095B129394C9E00D36F76 /* AppDelegate.swift in Sources */,
				C54095B329394C9E00D36F76 /* SceneDelegate.swift in Sources */,
				C54095BB29394C9E00D36F76 /* Users_CoreData.xcdatamodeld in Sources */,
			);
			runOnlyForDeploymentPostprocessing = 0;
		};
/* End PBXSourcesBuildPhase section */

/* Begin XCBuildConfiguration section */
		C54095C229394CA000D36F76 /* Debug */ = {
			isa = XCBuildConfiguration;
			buildSettings = {
				ALWAYS_SEARCH_USER_PATHS = NO;
				CLANG_ANALYZER_NONNULL = YES;
				CLANG_ANALYZER_NUMBER_OBJECT_CONVERSION = YES_AGGRESSIVE;
				CLANG_CXX_LANGUAGE_STANDARD = "gnu++20";
				CLANG_ENABLE_MODULES = YES;
				CLANG_ENABLE_OBJC_ARC = YES;
				CLANG_ENABLE_OBJC_WEAK = YES;
				CLANG_WARN_BLOCK_CAPTURE_AUTORELEASING = YES;
				CLANG_WARN_BOOL_CONVERSION = YES;
				CLANG_WARN_COMMA = YES;
				CLANG_WARN_CONSTANT_CONVERSION = YES;
				CLANG_WARN_DEPRECATED_OBJC_IMPLEMENTATIONS = YES;
				CLANG_WARN_DIRECT_OBJC_ISA_USAGE = YES_ERROR;
				CLANG_WARN_DOCUMENTATION_COMMENTS = YES;
				CLANG_WARN_EMPTY_BODY = YES;
				CLANG_WARN_ENUM_CONVERSION = YES;
				CLANG_WARN_INFINITE_RECURSION = YES;
				CLANG_WARN_INT_CONVERSION = YES;
				CLANG_WARN_NON_LITERAL_NULL_CONVERSION = YES;
				CLANG_WARN_OBJC_IMPLICIT_RETAIN_SELF = YES;
				CLANG_WARN_OBJC_LITERAL_CONVERSION = YES;
				CLANG_WARN_OBJC_ROOT_CLASS = YES_ERROR;
				CLANG_WARN_QUOTED_INCLUDE_IN_FRAMEWORK_HEADER = YES;
				CLANG_WARN_RANGE_LOOP_ANALYSIS = YES;
				CLANG_WARN_STRICT_PROTOTYPES = YES;
				CLANG_WARN_SUSPICIOUS_MOVE = YES;
				CLANG_WARN_UNGUARDED_AVAILABILITY = YES_AGGRESSIVE;
				CLANG_WARN_UNREACHABLE_CODE = YES;
				CLANG_WARN__DUPLICATE_METHOD_MATCH = YES;
				COPY_PHASE_STRIP = NO;
				DEBUG_INFORMATION_FORMAT = dwarf;
				ENABLE_STRICT_OBJC_MSGSEND = YES;
				ENABLE_TESTABILITY = YES;
				GCC_C_LANGUAGE_STANDARD = gnu11;
				GCC_DYNAMIC_NO_PIC = NO;
				GCC_NO_COMMON_BLOCKS = YES;
				GCC_OPTIMIZATION_LEVEL = 0;
				GCC_PREPROCESSOR_DEFINITIONS = (
					"DEBUG=1",
					"$(inherited)",
				);
				GCC_WARN_64_TO_32_BIT_CONVERSION = YES;
				GCC_WARN_ABOUT_RETURN_TYPE = YES_ERROR;
				GCC_WARN_UNDECLARED_SELECTOR = YES;
				GCC_WARN_UNINITIALIZED_AUTOS = YES_AGGRESSIVE;
				GCC_WARN_UNUSED_FUNCTION = YES;
				GCC_WARN_UNUSED_VARIABLE = YES;
				IPHONEOS_DEPLOYMENT_TARGET = 16.1;
				MTL_ENABLE_DEBUG_INFO = INCLUDE_SOURCE;
				MTL_FAST_MATH = YES;
				ONLY_ACTIVE_ARCH = YES;
				SDKROOT = iphoneos;
				SWIFT_ACTIVE_COMPILATION_CONDITIONS = DEBUG;
				SWIFT_OPTIMIZATION_LEVEL = "-Onone";
			};
			name = Debug;
		};
		C54095C329394CA000D36F76 /* Release */ = {
			isa = XCBuildConfiguration;
			buildSettings = {
				ALWAYS_SEARCH_USER_PATHS = NO;
				CLANG_ANALYZER_NONNULL = YES;
				CLANG_ANALYZER_NUMBER_OBJECT_CONVERSION = YES_AGGRESSIVE;
				CLANG_CXX_LANGUAGE_STANDARD = "gnu++20";
				CLANG_ENABLE_MODULES = YES;
				CLANG_ENABLE_OBJC_ARC = YES;
				CLANG_ENABLE_OBJC_WEAK = YES;
				CLANG_WARN_BLOCK_CAPTURE_AUTORELEASING = YES;
				CLANG_WARN_BOOL_CONVERSION = YES;
				CLANG_WARN_COMMA = YES;
				CLANG_WARN_CONSTANT_CONVERSION = YES;
				CLANG_WARN_DEPRECATED_OBJC_IMPLEMENTATIONS = YES;
				CLANG_WARN_DIRECT_OBJC_ISA_USAGE = YES_ERROR;
				CLANG_WARN_DOCUMENTATION_COMMENTS = YES;
				CLANG_WARN_EMPTY_BODY = YES;
				CLANG_WARN_ENUM_CONVERSION = YES;
				CLANG_WARN_INFINITE_RECURSION = YES;
				CLANG_WARN_INT_CONVERSION = YES;
				CLANG_WARN_NON_LITERAL_NULL_CONVERSION = YES;
				CLANG_WARN_OBJC_IMPLICIT_RETAIN_SELF = YES;
				CLANG_WARN_OBJC_LITERAL_CONVERSION = YES;
				CLANG_WARN_OBJC_ROOT_CLASS = YES_ERROR;
				CLANG_WARN_QUOTED_INCLUDE_IN_FRAMEWORK_HEADER = YES;
				CLANG_WARN_RANGE_LOOP_ANALYSIS = YES;
				CLANG_WARN_STRICT_PROTOTYPES = YES;
				CLANG_WARN_SUSPICIOUS_MOVE = YES;
				CLANG_WARN_UNGUARDED_AVAILABILITY = YES_AGGRESSIVE;
				CLANG_WARN_UNREACHABLE_CODE = YES;
				CLANG_WARN__DUPLICATE_METHOD_MATCH = YES;
				COPY_PHASE_STRIP = NO;
				DEBUG_INFORMATION_FORMAT = "dwarf-with-dsym";
				ENABLE_NS_ASSERTIONS = NO;
				ENABLE_STRICT_OBJC_MSGSEND = YES;
				GCC_C_LANGUAGE_STANDARD = gnu11;
				GCC_NO_COMMON_BLOCKS = YES;
				GCC_WARN_64_TO_32_BIT_CONVERSION = YES;
				GCC_WARN_ABOUT_RETURN_TYPE = YES_ERROR;
				GCC_WARN_UNDECLARED_SELECTOR = YES;
				GCC_WARN_UNINITIALIZED_AUTOS = YES_AGGRESSIVE;
				GCC_WARN_UNUSED_FUNCTION = YES;
				GCC_WARN_UNUSED_VARIABLE = YES;
				IPHONEOS_DEPLOYMENT_TARGET = 16.1;
				MTL_ENABLE_DEBUG_INFO = NO;
				MTL_FAST_MATH = YES;
				SDKROOT = iphoneos;
				SWIFT_COMPILATION_MODE = wholemodule;
				SWIFT_OPTIMIZATION_LEVEL = "-O";
				VALIDATE_PRODUCT = YES;
			};
			name = Release;
		};
		C54095C529394CA000D36F76 /* Debug */ = {
			isa = XCBuildConfiguration;
			buildSettings = {
				ASSETCATALOG_COMPILER_APPICON_NAME = AppIcon;
				ASSETCATALOG_COMPILER_GLOBAL_ACCENT_COLOR_NAME = AccentColor;
				CODE_SIGN_STYLE = Automatic;
				CURRENT_PROJECT_VERSION = 1;
				DEVELOPMENT_TEAM = N2XAP4CLZT;
				GENERATE_INFOPLIST_FILE = YES;
				INFOPLIST_FILE = "Users CoreData/Resources/Info.plist";
				INFOPLIST_KEY_UIApplicationSupportsIndirectInputEvents = YES;
				INFOPLIST_KEY_UILaunchStoryboardName = LaunchScreen;
				INFOPLIST_KEY_UISupportedInterfaceOrientations_iPad = "UIInterfaceOrientationPortrait UIInterfaceOrientationPortraitUpsideDown UIInterfaceOrientationLandscapeLeft UIInterfaceOrientationLandscapeRight";
				INFOPLIST_KEY_UISupportedInterfaceOrientations_iPhone = "UIInterfaceOrientationPortrait UIInterfaceOrientationLandscapeLeft UIInterfaceOrientationLandscapeRight";
				LD_RUNPATH_SEARCH_PATHS = (
					"$(inherited)",
					"@executable_path/Frameworks",
				);
				MARKETING_VERSION = 1.0;
				PRODUCT_BUNDLE_IDENTIFIER = "my.doker.Users-CoreData";
				PRODUCT_NAME = "$(TARGET_NAME)";
				SWIFT_EMIT_LOC_STRINGS = YES;
				SWIFT_VERSION = 5.0;
				TARGETED_DEVICE_FAMILY = "1,2";
			};
			name = Debug;
		};
		C54095C629394CA000D36F76 /* Release */ = {
			isa = XCBuildConfiguration;
			buildSettings = {
				ASSETCATALOG_COMPILER_APPICON_NAME = AppIcon;
				ASSETCATALOG_COMPILER_GLOBAL_ACCENT_COLOR_NAME = AccentColor;
				CODE_SIGN_STYLE = Automatic;
				CURRENT_PROJECT_VERSION = 1;
				DEVELOPMENT_TEAM = N2XAP4CLZT;
				GENERATE_INFOPLIST_FILE = YES;
				INFOPLIST_FILE = "Users CoreData/Resources/Info.plist";
				INFOPLIST_KEY_UIApplicationSupportsIndirectInputEvents = YES;
				INFOPLIST_KEY_UILaunchStoryboardName = LaunchScreen;
				INFOPLIST_KEY_UISupportedInterfaceOrientations_iPad = "UIInterfaceOrientationPortrait UIInterfaceOrientationPortraitUpsideDown UIInterfaceOrientationLandscapeLeft UIInterfaceOrientationLandscapeRight";
				INFOPLIST_KEY_UISupportedInterfaceOrientations_iPhone = "UIInterfaceOrientationPortrait UIInterfaceOrientationLandscapeLeft UIInterfaceOrientationLandscapeRight";
				LD_RUNPATH_SEARCH_PATHS = (
					"$(inherited)",
					"@executable_path/Frameworks",
				);
				MARKETING_VERSION = 1.0;
				PRODUCT_BUNDLE_IDENTIFIER = "my.doker.Users-CoreData";
				PRODUCT_NAME = "$(TARGET_NAME)";
				SWIFT_EMIT_LOC_STRINGS = YES;
				SWIFT_VERSION = 5.0;
				TARGETED_DEVICE_FAMILY = "1,2";
			};
			name = Release;
		};
/* End XCBuildConfiguration section */

/* Begin XCConfigurationList section */
		C54095A829394C9E00D36F76 /* Build configuration list for PBXProject "Users CoreData" */ = {
			isa = XCConfigurationList;
			buildConfigurations = (
				C54095C229394CA000D36F76 /* Debug */,
				C54095C329394CA000D36F76 /* Release */,
			);
			defaultConfigurationIsVisible = 0;
			defaultConfigurationName = Release;
		};
		C54095C429394CA000D36F76 /* Build configuration list for PBXNativeTarget "Users CoreData" */ = {
			isa = XCConfigurationList;
			buildConfigurations = (
				C54095C529394CA000D36F76 /* Debug */,
				C54095C629394CA000D36F76 /* Release */,
			);
			defaultConfigurationIsVisible = 0;
			defaultConfigurationName = Release;
		};
/* End XCConfigurationList section */

/* Begin XCRemoteSwiftPackageReference section */
		C54095CA2939517900D36F76 /* XCRemoteSwiftPackageReference "SnapKit" */ = {
			isa = XCRemoteSwiftPackageReference;
			repositoryURL = "https://github.com/SnapKit/SnapKit.git";
			requirement = {
				branch = develop;
				kind = branch;
			};
		};
/* End XCRemoteSwiftPackageReference section */

/* Begin XCSwiftPackageProductDependency section */
		C54095CB2939517900D36F76 /* SnapKit */ = {
			isa = XCSwiftPackageProductDependency;
			package = C54095CA2939517900D36F76 /* XCRemoteSwiftPackageReference "SnapKit" */;
			productName = SnapKit;
		};
/* End XCSwiftPackageProductDependency section */

/* Begin XCVersionGroup section */
		C54095B929394C9E00D36F76 /* Users_CoreData.xcdatamodeld */ = {
			isa = XCVersionGroup;
			children = (
				C54095BA29394C9E00D36F76 /* Users_CoreData.xcdatamodel */,
			);
			currentVersion = C54095BA29394C9E00D36F76 /* Users_CoreData.xcdatamodel */;
			path = Users_CoreData.xcdatamodeld;
			sourceTree = "<group>";
			versionGroupType = wrapper.xcdatamodel;
		};
/* End XCVersionGroup section */
	};
	rootObject = C54095A529394C9E00D36F76 /* Project object */;
}
